
Microsoft Visual Studio Solution File, Format Version 12.00
# Visual Studio Version 16
VisualStudioVersion = 16.0.30907.101
MinimumVisualStudioVersion = 10.0.40219.1
Project("{FAE04EC0-301F-11D3-BF4B-00C04F79EFBC}") = "JsonSecondPart", "JsonSecondPart.csproj", "{9F6A7DBF-2F1C-488E-A4AE-966D0D41470D}"
EndProject
Project("{FAE04EC0-301F-11D3-BF4B-00C04F79EFBC}") = "JsonSecondPart.Facts", "..\JsonSecondPart.Facts\JsonSecondPart.Facts.csproj", "{2AAF4922-D5AE-431C-9192-3F5FF6565F55}"
EndProject
Global
	GlobalSection(SolutionConfigurationPlatforms) = preSolution
		Debug|Any CPU = Debug|Any CPU
		Release|Any CPU = Release|Any CPU
	EndGlobalSection
	GlobalSection(ProjectConfigurationPlatforms) = postSolution
		{9F6A7DBF-2F1C-488E-A4AE-966D0D41470D}.Debug|Any CPU.ActiveCfg = Debug|Any CPU
		{9F6A7DBF-2F1C-488E-A4AE-966D0D41470D}.Debug|Any CPU.Build.0 = Debug|Any CPU
		{9F6A7DBF-2F1C-488E-A4AE-966D0D41470D}.Release|Any CPU.ActiveCfg = Release|Any CPU
		{9F6A7DBF-2F1C-488E-A4AE-966D0D41470D}.Release|Any CPU.Build.0 = Release|Any CPU
		{2AAF4922-D5AE-431C-9192-3F5FF6565F55}.Debug|Any CPU.ActiveCfg = Debug|Any CPU
		{2AAF4922-D5AE-431C-9192-3F5FF6565F55}.Debug|Any CPU.Build.0 = Debug|Any CPU
		{2AAF4922-D5AE-431C-9192-3F5FF6565F55}.Release|Any CPU.ActiveCfg = Release|Any CPU
		{2AAF4922-D5AE-431C-9192-3F5FF6565F55}.Release|Any CPU.Build.0 = Release|Any CPU
	EndGlobalSection
	GlobalSection(SolutionProperties) = preSolution
		HideSolutionNode = FALSE
	EndGlobalSection
	GlobalSection(ExtensibilityGlobals) = postSolution
		SolutionGuid = {19999921-8D92-4615-B709-4E2630119182}
	EndGlobalSection
EndGlobal
